
Microsoft Visual Studio Solution File, Format Version 12.00
# Visual Studio Version 16
VisualStudioVersion = 16.0.32901.82
MinimumVisualStudioVersion = 10.0.40219.1
Project("{FAE04EC0-301F-11D3-BF4B-00C04F79EFBC}") = "TourneyScoreSystem", "TourneyScoreSystem.csproj", "{F851C7E6-5716-45A3-A7E0-298F4A728B19}"
EndProject
Global
	GlobalSection(SolutionConfigurationPlatforms) = preSolution
		Debug|Any CPU = Debug|Any CPU
		Release|Any CPU = Release|Any CPU
	EndGlobalSection
	GlobalSection(ProjectConfigurationPlatforms) = postSolution
		{F851C7E6-5716-45A3-A7E0-298F4A728B19}.Debug|Any CPU.ActiveCfg = Debug|Any CPU
		{F851C7E6-5716-45A3-A7E0-298F4A728B19}.Debug|Any CPU.Build.0 = Debug|Any CPU
		{F851C7E6-5716-45A3-A7E0-298F4A728B19}.Release|Any CPU.ActiveCfg = Release|Any CPU
		{F851C7E6-5716-45A3-A7E0-298F4A728B19}.Release|Any CPU.Build.0 = Release|Any CPU
	EndGlobalSection
	GlobalSection(SolutionProperties) = preSolution
		HideSolutionNode = FALSE
	EndGlobalSection
	GlobalSection(ExtensibilityGlobals) = postSolution
		SolutionGuid = {9CC572F9-C59D-4DEC-A5A2-AB5D87E497D6}
	EndGlobalSection
EndGlobal
